
Microsoft Visual Studio Solution File, Format Version 12.00
# Visual Studio 14
VisualStudioVersion = 14.0.22823.1
MinimumVisualStudioVersion = 10.0.40219.1
Project("{FAE04EC0-301F-11D3-BF4B-00C04F79EFBC}") = "HelloWorld", "HelloWorld\HelloWorld.csproj", "{4B0C992C-8506-43A2-A36F-6FCCE4D30EB2}"
EndProject
Project("{FAE04EC0-301F-11D3-BF4B-00C04F79EFBC}") = "BuildingBlocks", "BuildingBlocks\BuildingBlocks.csproj", "{ACBCC703-A9B8-4DB9-824E-953F0F848673}"
EndProject
Project("{FAE04EC0-301F-11D3-BF4B-00C04F79EFBC}") = "BooleanValues", "BooleanValues\BooleanValues.csproj", "{4086A6AF-5E3C-41BE-AB80-205D184D3100}"
EndProject
Project("{FAE04EC0-301F-11D3-BF4B-00C04F79EFBC}") = "Conditionals", "Conditionals\Conditionals.csproj", "{62A0BF46-4536-4B58-B1B4-BAF4B786693C}"
EndProject
Project("{FAE04EC0-301F-11D3-BF4B-00C04F79EFBC}") = "WhileLoops", "WhileLoops\WhileLoops.csproj", "{54AD0E94-928C-4AD0-B7C0-4132671BE928}"
EndProject
Project("{FAE04EC0-301F-11D3-BF4B-00C04F79EFBC}") = "ForLoops", "ForLoops\ForLoops.csproj", "{BE2D98F3-9A9D-4054-8885-4A94AC69F872}"
EndProject
Project("{FAE04EC0-301F-11D3-BF4B-00C04F79EFBC}") = "ForLoops2", "ForLoops2\ForLoops2.csproj", "{CF203074-35F1-468A-A0F6-62086DB0BF84}"
EndProject
Project("{FAE04EC0-301F-11D3-BF4B-00C04F79EFBC}") = "Switch", "Switch\Switch.csproj", "{EFB1FEB8-7C7E-40F3-BC62-FF5822BA73DA}"
EndProject
Project("{FAE04EC0-301F-11D3-BF4B-00C04F79EFBC}") = "Enumerations", "Enumerations\Enumerations.csproj", "{DF9CBC31-CB34-4C50-B0E2-1C0D92E5205E}"
EndProject
Project("{FAE04EC0-301F-11D3-BF4B-00C04F79EFBC}") = "Classes", "Classes\Classes.csproj", "{301F56B3-A093-446A-B183-E928E2915271}"
EndProject
Project("{FAE04EC0-301F-11D3-BF4B-00C04F79EFBC}") = "Classes2", "Classes2\Classes2.csproj", "{E7713DB1-ADAA-4059-82BB-B0C10F7F4881}"
EndProject
Project("{FAE04EC0-301F-11D3-BF4B-00C04F79EFBC}") = "OOP", "OOP\OOP.csproj", "{A3408D8C-B185-4DDA-8782-3E0799324D9D}"
EndProject
Project("{FAE04EC0-301F-11D3-BF4B-00C04F79EFBC}") = "Arrays", "Arrays\Arrays.csproj", "{C73A80CB-25E7-4917-8BB8-B87C3D01E592}"
EndProject
Project("{FAE04EC0-301F-11D3-BF4B-00C04F79EFBC}") = "GenericList", "GenericList\GenericList.csproj", "{5E84524E-B010-4F25-8DB3-C1429683A2E7}"
EndProject
Project("{FAE04EC0-301F-11D3-BF4B-00C04F79EFBC}") = "Dictionary", "Dictionary\Dictionary.csproj", "{CCFBC901-9A54-41CE-B807-27E5A4E20D0A}"
EndProject
Project("{FAE04EC0-301F-11D3-BF4B-00C04F79EFBC}") = "Exceptions", "Exceptions\Exceptions.csproj", "{ED41D663-5818-4980-A7E0-275AA2729485}"
EndProject
Project("{FAE04EC0-301F-11D3-BF4B-00C04F79EFBC}") = "CustomExceptions", "CustomExceptions\CustomExceptions.csproj", "{CBADA296-87FA-423E-A465-0E6358ECC0B7}"
EndProject
Project("{FAE04EC0-301F-11D3-BF4B-00C04F79EFBC}") = "Interfaces", "Interfaces\Interfaces.csproj", "{FC96901F-F0AC-4AF5-A5F4-231CBA81CAAF}"
EndProject
Project("{FAE04EC0-301F-11D3-BF4B-00C04F79EFBC}") = "AbstractClass", "AbstractClass\AbstractClass.csproj", "{2E16C36D-3519-405F-9FBF-63A90E64C60E}"
EndProject
Project("{FAE04EC0-301F-11D3-BF4B-00C04F79EFBC}") = "Delegates", "Delegates\Delegates.csproj", "{6D2CB73F-2DD0-4191-A0DC-3F6E91B02911}"
EndProject
Global
	GlobalSection(SolutionConfigurationPlatforms) = preSolution
		Debug|Any CPU = Debug|Any CPU
		Release|Any CPU = Release|Any CPU
	EndGlobalSection
	GlobalSection(ProjectConfigurationPlatforms) = postSolution
		{4B0C992C-8506-43A2-A36F-6FCCE4D30EB2}.Debug|Any CPU.ActiveCfg = Debug|Any CPU
		{4B0C992C-8506-43A2-A36F-6FCCE4D30EB2}.Debug|Any CPU.Build.0 = Debug|Any CPU
		{4B0C992C-8506-43A2-A36F-6FCCE4D30EB2}.Release|Any CPU.ActiveCfg = Release|Any CPU
		{4B0C992C-8506-43A2-A36F-6FCCE4D30EB2}.Release|Any CPU.Build.0 = Release|Any CPU
		{ACBCC703-A9B8-4DB9-824E-953F0F848673}.Debug|Any CPU.ActiveCfg = Debug|Any CPU
		{ACBCC703-A9B8-4DB9-824E-953F0F848673}.Debug|Any CPU.Build.0 = Debug|Any CPU
		{ACBCC703-A9B8-4DB9-824E-953F0F848673}.Release|Any CPU.ActiveCfg = Release|Any CPU
		{ACBCC703-A9B8-4DB9-824E-953F0F848673}.Release|Any CPU.Build.0 = Release|Any CPU
		{4086A6AF-5E3C-41BE-AB80-205D184D3100}.Debug|Any CPU.ActiveCfg = Debug|Any CPU
		{4086A6AF-5E3C-41BE-AB80-205D184D3100}.Debug|Any CPU.Build.0 = Debug|Any CPU
		{4086A6AF-5E3C-41BE-AB80-205D184D3100}.Release|Any CPU.ActiveCfg = Release|Any CPU
		{4086A6AF-5E3C-41BE-AB80-205D184D3100}.Release|Any CPU.Build.0 = Release|Any CPU
		{62A0BF46-4536-4B58-B1B4-BAF4B786693C}.Debug|Any CPU.ActiveCfg = Debug|Any CPU
		{62A0BF46-4536-4B58-B1B4-BAF4B786693C}.Debug|Any CPU.Build.0 = Debug|Any CPU
		{62A0BF46-4536-4B58-B1B4-BAF4B786693C}.Release|Any CPU.ActiveCfg = Release|Any CPU
		{62A0BF46-4536-4B58-B1B4-BAF4B786693C}.Release|Any CPU.Build.0 = Release|Any CPU
		{54AD0E94-928C-4AD0-B7C0-4132671BE928}.Debug|Any CPU.ActiveCfg = Debug|Any CPU
		{54AD0E94-928C-4AD0-B7C0-4132671BE928}.Debug|Any CPU.Build.0 = Debug|Any CPU
		{54AD0E94-928C-4AD0-B7C0-4132671BE928}.Release|Any CPU.ActiveCfg = Release|Any CPU
		{54AD0E94-928C-4AD0-B7C0-4132671BE928}.Release|Any CPU.Build.0 = Release|Any CPU
		{BE2D98F3-9A9D-4054-8885-4A94AC69F872}.Debug|Any CPU.ActiveCfg = Debug|Any CPU
		{BE2D98F3-9A9D-4054-8885-4A94AC69F872}.Debug|Any CPU.Build.0 = Debug|Any CPU
		{BE2D98F3-9A9D-4054-8885-4A94AC69F872}.Release|Any CPU.ActiveCfg = Release|Any CPU
		{BE2D98F3-9A9D-4054-8885-4A94AC69F872}.Release|Any CPU.Build.0 = Release|Any CPU
		{CF203074-35F1-468A-A0F6-62086DB0BF84}.Debug|Any CPU.ActiveCfg = Debug|Any CPU
		{CF203074-35F1-468A-A0F6-62086DB0BF84}.Debug|Any CPU.Build.0 = Debug|Any CPU
		{CF203074-35F1-468A-A0F6-62086DB0BF84}.Release|Any CPU.ActiveCfg = Release|Any CPU
		{CF203074-35F1-468A-A0F6-62086DB0BF84}.Release|Any CPU.Build.0 = Release|Any CPU
		{EFB1FEB8-7C7E-40F3-BC62-FF5822BA73DA}.Debug|Any CPU.ActiveCfg = Debug|Any CPU
		{EFB1FEB8-7C7E-40F3-BC62-FF5822BA73DA}.Debug|Any CPU.Build.0 = Debug|Any CPU
		{EFB1FEB8-7C7E-40F3-BC62-FF5822BA73DA}.Release|Any CPU.ActiveCfg = Release|Any CPU
		{EFB1FEB8-7C7E-40F3-BC62-FF5822BA73DA}.Release|Any CPU.Build.0 = Release|Any CPU
		{DF9CBC31-CB34-4C50-B0E2-1C0D92E5205E}.Debug|Any CPU.ActiveCfg = Debug|Any CPU
		{DF9CBC31-CB34-4C50-B0E2-1C0D92E5205E}.Debug|Any CPU.Build.0 = Debug|Any CPU
		{DF9CBC31-CB34-4C50-B0E2-1C0D92E5205E}.Release|Any CPU.ActiveCfg = Release|Any CPU
		{DF9CBC31-CB34-4C50-B0E2-1C0D92E5205E}.Release|Any CPU.Build.0 = Release|Any CPU
		{301F56B3-A093-446A-B183-E928E2915271}.Debug|Any CPU.ActiveCfg = Debug|Any CPU
		{301F56B3-A093-446A-B183-E928E2915271}.Debug|Any CPU.Build.0 = Debug|Any CPU
		{301F56B3-A093-446A-B183-E928E2915271}.Release|Any CPU.ActiveCfg = Release|Any CPU
		{301F56B3-A093-446A-B183-E928E2915271}.Release|Any CPU.Build.0 = Release|Any CPU
		{E7713DB1-ADAA-4059-82BB-B0C10F7F4881}.Debug|Any CPU.ActiveCfg = Debug|Any CPU
		{E7713DB1-ADAA-4059-82BB-B0C10F7F4881}.Debug|Any CPU.Build.0 = Debug|Any CPU
		{E7713DB1-ADAA-4059-82BB-B0C10F7F4881}.Release|Any CPU.ActiveCfg = Release|Any CPU
		{E7713DB1-ADAA-4059-82BB-B0C10F7F4881}.Release|Any CPU.Build.0 = Release|Any CPU
		{A3408D8C-B185-4DDA-8782-3E0799324D9D}.Debug|Any CPU.ActiveCfg = Debug|Any CPU
		{A3408D8C-B185-4DDA-8782-3E0799324D9D}.Debug|Any CPU.Build.0 = Debug|Any CPU
		{A3408D8C-B185-4DDA-8782-3E0799324D9D}.Release|Any CPU.ActiveCfg = Release|Any CPU
		{A3408D8C-B185-4DDA-8782-3E0799324D9D}.Release|Any CPU.Build.0 = Release|Any CPU
		{C73A80CB-25E7-4917-8BB8-B87C3D01E592}.Debug|Any CPU.ActiveCfg = Debug|Any CPU
		{C73A80CB-25E7-4917-8BB8-B87C3D01E592}.Debug|Any CPU.Build.0 = Debug|Any CPU
		{C73A80CB-25E7-4917-8BB8-B87C3D01E592}.Release|Any CPU.ActiveCfg = Release|Any CPU
		{C73A80CB-25E7-4917-8BB8-B87C3D01E592}.Release|Any CPU.Build.0 = Release|Any CPU
		{5E84524E-B010-4F25-8DB3-C1429683A2E7}.Debug|Any CPU.ActiveCfg = Debug|Any CPU
		{5E84524E-B010-4F25-8DB3-C1429683A2E7}.Debug|Any CPU.Build.0 = Debug|Any CPU
		{5E84524E-B010-4F25-8DB3-C1429683A2E7}.Release|Any CPU.ActiveCfg = Release|Any CPU
		{5E84524E-B010-4F25-8DB3-C1429683A2E7}.Release|Any CPU.Build.0 = Release|Any CPU
		{CCFBC901-9A54-41CE-B807-27E5A4E20D0A}.Debug|Any CPU.ActiveCfg = Debug|Any CPU
		{CCFBC901-9A54-41CE-B807-27E5A4E20D0A}.Debug|Any CPU.Build.0 = Debug|Any CPU
		{CCFBC901-9A54-41CE-B807-27E5A4E20D0A}.Release|Any CPU.ActiveCfg = Release|Any CPU
		{CCFBC901-9A54-41CE-B807-27E5A4E20D0A}.Release|Any CPU.Build.0 = Release|Any CPU
		{ED41D663-5818-4980-A7E0-275AA2729485}.Debug|Any CPU.ActiveCfg = Debug|Any CPU
		{ED41D663-5818-4980-A7E0-275AA2729485}.Debug|Any CPU.Build.0 = Debug|Any CPU
		{ED41D663-5818-4980-A7E0-275AA2729485}.Release|Any CPU.ActiveCfg = Release|Any CPU
		{ED41D663-5818-4980-A7E0-275AA2729485}.Release|Any CPU.Build.0 = Release|Any CPU
		{CBADA296-87FA-423E-A465-0E6358ECC0B7}.Debug|Any CPU.ActiveCfg = Debug|Any CPU
		{CBADA296-87FA-423E-A465-0E6358ECC0B7}.Debug|Any CPU.Build.0 = Debug|Any CPU
		{CBADA296-87FA-423E-A465-0E6358ECC0B7}.Release|Any CPU.ActiveCfg = Release|Any CPU
		{CBADA296-87FA-423E-A465-0E6358ECC0B7}.Release|Any CPU.Build.0 = Release|Any CPU
		{FC96901F-F0AC-4AF5-A5F4-231CBA81CAAF}.Debug|Any CPU.ActiveCfg = Debug|Any CPU
		{FC96901F-F0AC-4AF5-A5F4-231CBA81CAAF}.Debug|Any CPU.Build.0 = Debug|Any CPU
		{FC96901F-F0AC-4AF5-A5F4-231CBA81CAAF}.Release|Any CPU.ActiveCfg = Release|Any CPU
		{FC96901F-F0AC-4AF5-A5F4-231CBA81CAAF}.Release|Any CPU.Build.0 = Release|Any CPU
		{2E16C36D-3519-405F-9FBF-63A90E64C60E}.Debug|Any CPU.ActiveCfg = Debug|Any CPU
		{2E16C36D-3519-405F-9FBF-63A90E64C60E}.Debug|Any CPU.Build.0 = Debug|Any CPU
		{2E16C36D-3519-405F-9FBF-63A90E64C60E}.Release|Any CPU.ActiveCfg = Release|Any CPU
		{2E16C36D-3519-405F-9FBF-63A90E64C60E}.Release|Any CPU.Build.0 = Release|Any CPU
		{6D2CB73F-2DD0-4191-A0DC-3F6E91B02911}.Debug|Any CPU.ActiveCfg = Debug|Any CPU
		{6D2CB73F-2DD0-4191-A0DC-3F6E91B02911}.Debug|Any CPU.Build.0 = Debug|Any CPU
		{6D2CB73F-2DD0-4191-A0DC-3F6E91B02911}.Release|Any CPU.ActiveCfg = Release|Any CPU
		{6D2CB73F-2DD0-4191-A0DC-3F6E91B02911}.Release|Any CPU.Build.0 = Release|Any CPU
	EndGlobalSection
	GlobalSection(SolutionProperties) = preSolution
		HideSolutionNode = FALSE
	EndGlobalSection
EndGlobal
